PODS:
  - Flutter (1.0.0)
  - flutter_contacts (0.0.1):
    - Flutter

DEPENDENCIES:
  - Flutter (from `Flutter`)
  - flutter_contacts (from `.symlinks/plugins/flutter_contacts/ios`)

EXTERNAL SOURCES:
  Flutter:
    :path: Flutter
  flutter_contacts:
    :path: ".symlinks/plugins/flutter_contacts/ios"

SPEC CHECKSUMS:
  Flutter: cabc95a1d2626b1b06e7179b784ebcf0c0cde467
  flutter_contacts: 5e27c1171d9b946736bd5f056a49c62c0134d337

PODFILE CHECKSUM: 4153e6b74d179c1f6ffe1ab35f4a753651267dd0

COCOAPODS: 1.16.2
